
Microsoft Visual Studio Solution File, Format Version 12.00
# Visual Studio Version 17
VisualStudioVersion = 17.0.32112.339
MinimumVisualStudioVersion = 10.0.40219.1
Project("{9A19103F-16F7-4668-BE54-9A1E7A4F7556}") = "PSC.Blazor.Components.BrowserDetect", "src\PSC.Blazor.Components.BrowserDetect.csproj", "{E6A105EE-D6F5-476E-B261-B93C9BF480CA}"
EndProject
Project("{FAE04EC0-301F-11D3-BF4B-00C04F79EFBC}") = "BrowserDetectDemo", "BrowserDetectDemo\BrowserDetectDemo.csproj", "{07176B1F-8C18-445F-9D57-0B4609C3C685}"
EndProject
Global
	GlobalSection(SolutionConfigurationPlatforms) = preSolution
		Debug|Any CPU = Debug|Any CPU
		Release|Any CPU = Release|Any CPU
	EndGlobalSection
	GlobalSection(ProjectConfigurationPlatforms) = postSolution
		{E6A105EE-D6F5-476E-B261-B93C9BF480CA}.Debug|Any CPU.ActiveCfg = Debug|Any CPU
		{E6A105EE-D6F5-476E-B261-B93C9BF480CA}.Debug|Any CPU.Build.0 = Debug|Any CPU
		{E6A105EE-D6F5-476E-B261-B93C9BF480CA}.Release|Any CPU.ActiveCfg = Release|Any CPU
		{E6A105EE-D6F5-476E-B261-B93C9BF480CA}.Release|Any CPU.Build.0 = Release|Any CPU
		{07176B1F-8C18-445F-9D57-0B4609C3C685}.Debug|Any CPU.ActiveCfg = Debug|Any CPU
		{07176B1F-8C18-445F-9D57-0B4609C3C685}.Debug|Any CPU.Build.0 = Debug|Any CPU
		{07176B1F-8C18-445F-9D57-0B4609C3C685}.Release|Any CPU.ActiveCfg = Release|Any CPU
		{07176B1F-8C18-445F-9D57-0B4609C3C685}.Release|Any CPU.Build.0 = Release|Any CPU
	EndGlobalSection
	GlobalSection(SolutionProperties) = preSolution
		HideSolutionNode = FALSE
	EndGlobalSection
	GlobalSection(ExtensibilityGlobals) = postSolution
		SolutionGuid = {DAC5F2CB-9470-463E-A131-D5F11521901E}
	EndGlobalSection
EndGlobal
